
Microsoft Visual Studio Solution File, Format Version 12.00
# Visual Studio Version 17
VisualStudioVersion = 17.1.32210.238
MinimumVisualStudioVersion = 10.0.40219.1
Project("{8BC9CEB8-8B4A-11D0-8D11-00A0C91BC942}") = "Programa", "test\test.vcxproj", "{3E88E789-47C1-4DF1-8C34-569E3911263F}"
EndProject
Global
	GlobalSection(SolutionConfigurationPlatforms) = preSolution
		Debug|x64 = Debug|x64
		Debug|x86 = Debug|x86
		Release|x64 = Release|x64
		Release|x86 = Release|x86
	EndGlobalSection
	GlobalSection(ProjectConfigurationPlatforms) = postSolution
		{3E88E789-47C1-4DF1-8C34-569E3911263F}.Debug|x64.ActiveCfg = Debug|x64
		{3E88E789-47C1-4DF1-8C34-569E3911263F}.Debug|x64.Build.0 = Debug|x64
		{3E88E789-47C1-4DF1-8C34-569E3911263F}.Debug|x86.ActiveCfg = Debug|Win32
		{3E88E789-47C1-4DF1-8C34-569E3911263F}.Debug|x86.Build.0 = Debug|Win32
		{3E88E789-47C1-4DF1-8C34-569E3911263F}.Release|x64.ActiveCfg = Release|x64
		{3E88E789-47C1-4DF1-8C34-569E3911263F}.Release|x64.Build.0 = Release|x64
		{3E88E789-47C1-4DF1-8C34-569E3911263F}.Release|x86.ActiveCfg = Release|Win32
		{3E88E789-47C1-4DF1-8C34-569E3911263F}.Release|x86.Build.0 = Release|Win32
	EndGlobalSection
	GlobalSection(SolutionProperties) = preSolution
		HideSolutionNode = FALSE
	EndGlobalSection
	GlobalSection(ExtensibilityGlobals) = postSolution
		SolutionGuid = {2D8C4411-93F3-42E5-BDD6-269136656182}
	EndGlobalSection
EndGlobal
